
Microsoft Visual Studio Solution File, Format Version 12.00
# Visual Studio Version 16
VisualStudioVersion = 16.0.31019.35
MinimumVisualStudioVersion = 10.0.40219.1
Project("{FAE04EC0-301F-11D3-BF4B-00C04F79EFBC}") = "ParserHoChiMinh", "ParserHoChiMinh\ParserHoChiMinh.csproj", "{44E747CC-07C0-457F-B0A2-7AF39A3CEEA3}"
EndProject
Global
	GlobalSection(SolutionConfigurationPlatforms) = preSolution
		Debug|Any CPU = Debug|Any CPU
		Release|Any CPU = Release|Any CPU
	EndGlobalSection
	GlobalSection(ProjectConfigurationPlatforms) = postSolution
		{44E747CC-07C0-457F-B0A2-7AF39A3CEEA3}.Debug|Any CPU.ActiveCfg = Debug|Any CPU
		{44E747CC-07C0-457F-B0A2-7AF39A3CEEA3}.Debug|Any CPU.Build.0 = Debug|Any CPU
		{44E747CC-07C0-457F-B0A2-7AF39A3CEEA3}.Release|Any CPU.ActiveCfg = Release|Any CPU
		{44E747CC-07C0-457F-B0A2-7AF39A3CEEA3}.Release|Any CPU.Build.0 = Release|Any CPU
	EndGlobalSection
	GlobalSection(SolutionProperties) = preSolution
		HideSolutionNode = FALSE
	EndGlobalSection
	GlobalSection(ExtensibilityGlobals) = postSolution
		SolutionGuid = {47D1A515-7F3F-42A5-A88A-324D04911E70}
	EndGlobalSection
EndGlobal
